
Microsoft Visual Studio Solution File, Format Version 12.00
# Visual Studio Version 17
VisualStudioVersion = 17.2.32516.85
MinimumVisualStudioVersion = 10.0.40219.1
Project("{FAE04EC0-301F-11D3-BF4B-00C04F79EFBC}") = "PrikladApiLab", "PrikladApiLab\PrikladApiLab.csproj", "{F4698D8A-3D62-4477-AACE-E794A4329281}"
EndProject
Global
	GlobalSection(SolutionConfigurationPlatforms) = preSolution
		Debug|Any CPU = Debug|Any CPU
		Release|Any CPU = Release|Any CPU
	EndGlobalSection
	GlobalSection(ProjectConfigurationPlatforms) = postSolution
		{F4698D8A-3D62-4477-AACE-E794A4329281}.Debug|Any CPU.ActiveCfg = Debug|Any CPU
		{F4698D8A-3D62-4477-AACE-E794A4329281}.Debug|Any CPU.Build.0 = Debug|Any CPU
		{F4698D8A-3D62-4477-AACE-E794A4329281}.Release|Any CPU.ActiveCfg = Release|Any CPU
		{F4698D8A-3D62-4477-AACE-E794A4329281}.Release|Any CPU.Build.0 = Release|Any CPU
	EndGlobalSection
	GlobalSection(SolutionProperties) = preSolution
		HideSolutionNode = FALSE
	EndGlobalSection
	GlobalSection(ExtensibilityGlobals) = postSolution
		SolutionGuid = {8C6D2DBD-F546-4DDA-8DBD-31D9AF059A05}
	EndGlobalSection
EndGlobal
